
Microsoft Visual Studio Solution File, Format Version 12.00
# Visual Studio 2013
VisualStudioVersion = 12.0.21005.1
MinimumVisualStudioVersion = 10.0.40219.1
Project("{8BC9CEB8-8B4A-11D0-8D11-00A0C91BC942}") = "11_27", "11_27.vcxproj", "{B4AD1FC2-0369-484D-9DBC-B23BE7FFB0EF}"
EndProject
Global
	GlobalSection(SolutionConfigurationPlatforms) = preSolution
		Debug|Win32 = Debug|Win32
		Release|Win32 = Release|Win32
	EndGlobalSection
	GlobalSection(ProjectConfigurationPlatforms) = postSolution
		{B4AD1FC2-0369-484D-9DBC-B23BE7FFB0EF}.Debug|Win32.ActiveCfg = Debug|Win32
		{B4AD1FC2-0369-484D-9DBC-B23BE7FFB0EF}.Debug|Win32.Build.0 = Debug|Win32
		{B4AD1FC2-0369-484D-9DBC-B23BE7FFB0EF}.Release|Win32.ActiveCfg = Release|Win32
		{B4AD1FC2-0369-484D-9DBC-B23BE7FFB0EF}.Release|Win32.Build.0 = Release|Win32
	EndGlobalSection
	GlobalSection(SolutionProperties) = preSolution
		HideSolutionNode = FALSE
	EndGlobalSection
EndGlobal
