
Microsoft Visual Studio Solution File, Format Version 12.00
# Visual Studio 2013
VisualStudioVersion = 12.0.21005.1
MinimumVisualStudioVersion = 10.0.40219.1
Project("{8BC9CEB8-8B4A-11D0-8D11-00A0C91BC942}") = "2_22", "2_22.vcxproj", "{95940AED-65AA-43CE-9199-1E64CD3A5F7B}"
EndProject
Global
	GlobalSection(SolutionConfigurationPlatforms) = preSolution
		Debug|Win32 = Debug|Win32
		Release|Win32 = Release|Win32
	EndGlobalSection
	GlobalSection(ProjectConfigurationPlatforms) = postSolution
		{95940AED-65AA-43CE-9199-1E64CD3A5F7B}.Debug|Win32.ActiveCfg = Debug|Win32
		{95940AED-65AA-43CE-9199-1E64CD3A5F7B}.Debug|Win32.Build.0 = Debug|Win32
		{95940AED-65AA-43CE-9199-1E64CD3A5F7B}.Release|Win32.ActiveCfg = Release|Win32
		{95940AED-65AA-43CE-9199-1E64CD3A5F7B}.Release|Win32.Build.0 = Release|Win32
	EndGlobalSection
	GlobalSection(SolutionProperties) = preSolution
		HideSolutionNode = FALSE
	EndGlobalSection
EndGlobal
